
Microsoft Visual Studio Solution File, Format Version 12.00
# Visual Studio Version 17
VisualStudioVersion = 17.8.34316.72
MinimumVisualStudioVersion = 10.0.40219.1
Project("{FAE04EC0-301F-11D3-BF4B-00C04F79EFBC}") = "WhiteLagoon.Web", "WhiteLagoon.Web\WhiteLagoon.Web.csproj", "{9C0AFC89-B065-44B5-97EC-DA8AA2FC4CEC}"
EndProject
Global
	GlobalSection(SolutionConfigurationPlatforms) = preSolution
		Debug|Any CPU = Debug|Any CPU
		Release|Any CPU = Release|Any CPU
	EndGlobalSection
	GlobalSection(ProjectConfigurationPlatforms) = postSolution
		{9C0AFC89-B065-44B5-97EC-DA8AA2FC4CEC}.Debug|Any CPU.ActiveCfg = Debug|Any CPU
		{9C0AFC89-B065-44B5-97EC-DA8AA2FC4CEC}.Debug|Any CPU.Build.0 = Debug|Any CPU
		{9C0AFC89-B065-44B5-97EC-DA8AA2FC4CEC}.Release|Any CPU.ActiveCfg = Release|Any CPU
		{9C0AFC89-B065-44B5-97EC-DA8AA2FC4CEC}.Release|Any CPU.Build.0 = Release|Any CPU
	EndGlobalSection
	GlobalSection(SolutionProperties) = preSolution
		HideSolutionNode = FALSE
	EndGlobalSection
	GlobalSection(ExtensibilityGlobals) = postSolution
		SolutionGuid = {FE29D244-7C5B-43AA-80B7-980873319239}
	EndGlobalSection
EndGlobal
